
Microsoft Visual Studio Solution File, Format Version 12.00
# Visual Studio Version 16
VisualStudioVersion = 16.0.31112.23
MinimumVisualStudioVersion = 10.0.40219.1
Project("{9A19103F-16F7-4668-BE54-9A1E7A4F7556}") = "EM.Infrestructura", "EM.Infrestructura\EM.Infrestructura.csproj", "{542A0B21-DF2D-49A2-A610-2656936545C7}"
EndProject
Project("{2150E333-8FDC-42A3-9474-1A3956D46DE8}") = "1.Presentacion", "1.Presentacion", "{B4E00C2D-510A-4731-BF10-BD77433D73CE}"
EndProject
Project("{2150E333-8FDC-42A3-9474-1A3956D46DE8}") = "2.Aplicacion", "2.Aplicacion", "{52600F38-CD78-45F2-95B7-CA5DC1827BF5}"
EndProject
Project("{2150E333-8FDC-42A3-9474-1A3956D46DE8}") = "3.Servicio", "3.Servicio", "{31D5915E-E31A-4E55-A28E-1068C6618228}"
EndProject
Project("{2150E333-8FDC-42A3-9474-1A3956D46DE8}") = "4.Dominio", "4.Dominio", "{19F5CD46-755D-4421-A7DC-E99759BB7AFB}"
EndProject
Project("{2150E333-8FDC-42A3-9474-1A3956D46DE8}") = "5.Infraestructura", "5.Infraestructura", "{196019B1-EE8B-420A-AB63-804478576FDC}"
EndProject
Project("{9A19103F-16F7-4668-BE54-9A1E7A4F7556}") = "EM.DominioBase", "EM.DominioBase\EM.DominioBase.csproj", "{0238C387-4132-41AA-A6E5-B5EB80D2BB39}"
EndProject
Project("{9A19103F-16F7-4668-BE54-9A1E7A4F7556}") = "EM.Dominio", "EM.Dominio\EM.Dominio.csproj", "{3E9EEA3D-7F7F-4DD5-8946-8BAB730E291E}"
EndProject
Project("{9A19103F-16F7-4668-BE54-9A1E7A4F7556}") = "EM.ServicioBase", "EM.ServicioBase\EM.ServicioBase.csproj", "{5993E0F4-91CA-42BE-924E-F6872ED510B5}"
EndProject
Project("{9A19103F-16F7-4668-BE54-9A1E7A4F7556}") = "EM.Servicio", "EM.Servicio\EM.Servicio.csproj", "{0FA7E6F6-CD48-4858-A7FE-6862C22E548B}"
EndProject
Project("{9A19103F-16F7-4668-BE54-9A1E7A4F7556}") = "EM.IServicio", "EM.IServicio\EM.IServicio.csproj", "{B2556DB1-5AEC-4D3D-BC95-8ED1D14973EA}"
EndProject
Project("{9A19103F-16F7-4668-BE54-9A1E7A4F7556}") = "EM.Aplicacion.CadenaConexion", "EM.Aplicacion.CadenaConexion\EM.Aplicacion.CadenaConexion.csproj", "{DB634150-D7D9-4FD4-8703-32A20C0DABCC}"
EndProject
Project("{9A19103F-16F7-4668-BE54-9A1E7A4F7556}") = "EM.Aplicacion.IoC", "EM.Aplicacion.IoC\EM.Aplicacion.IoC.csproj", "{CD960A89-FE84-4C90-A592-B74DDAB1AC40}"
EndProject
Project("{9A19103F-16F7-4668-BE54-9A1E7A4F7556}") = "EM.Presentacion.MVC", "EM.Presentacion.MVC\EM.Presentacion.MVC.csproj", "{9D7E9229-B808-4165-93D1-CAEAEF201FF5}"
EndProject
Global
	GlobalSection(SolutionConfigurationPlatforms) = preSolution
		Debug|Any CPU = Debug|Any CPU
		Release|Any CPU = Release|Any CPU
	EndGlobalSection
	GlobalSection(ProjectConfigurationPlatforms) = postSolution
		{542A0B21-DF2D-49A2-A610-2656936545C7}.Debug|Any CPU.ActiveCfg = Debug|Any CPU
		{542A0B21-DF2D-49A2-A610-2656936545C7}.Debug|Any CPU.Build.0 = Debug|Any CPU
		{542A0B21-DF2D-49A2-A610-2656936545C7}.Release|Any CPU.ActiveCfg = Release|Any CPU
		{542A0B21-DF2D-49A2-A610-2656936545C7}.Release|Any CPU.Build.0 = Release|Any CPU
		{0238C387-4132-41AA-A6E5-B5EB80D2BB39}.Debug|Any CPU.ActiveCfg = Debug|Any CPU
		{0238C387-4132-41AA-A6E5-B5EB80D2BB39}.Debug|Any CPU.Build.0 = Debug|Any CPU
		{0238C387-4132-41AA-A6E5-B5EB80D2BB39}.Release|Any CPU.ActiveCfg = Release|Any CPU
		{0238C387-4132-41AA-A6E5-B5EB80D2BB39}.Release|Any CPU.Build.0 = Release|Any CPU
		{3E9EEA3D-7F7F-4DD5-8946-8BAB730E291E}.Debug|Any CPU.ActiveCfg = Debug|Any CPU
		{3E9EEA3D-7F7F-4DD5-8946-8BAB730E291E}.Debug|Any CPU.Build.0 = Debug|Any CPU
		{3E9EEA3D-7F7F-4DD5-8946-8BAB730E291E}.Release|Any CPU.ActiveCfg = Release|Any CPU
		{3E9EEA3D-7F7F-4DD5-8946-8BAB730E291E}.Release|Any CPU.Build.0 = Release|Any CPU
		{5993E0F4-91CA-42BE-924E-F6872ED510B5}.Debug|Any CPU.ActiveCfg = Debug|Any CPU
		{5993E0F4-91CA-42BE-924E-F6872ED510B5}.Debug|Any CPU.Build.0 = Debug|Any CPU
		{5993E0F4-91CA-42BE-924E-F6872ED510B5}.Release|Any CPU.ActiveCfg = Release|Any CPU
		{5993E0F4-91CA-42BE-924E-F6872ED510B5}.Release|Any CPU.Build.0 = Release|Any CPU
		{0FA7E6F6-CD48-4858-A7FE-6862C22E548B}.Debug|Any CPU.ActiveCfg = Debug|Any CPU
		{0FA7E6F6-CD48-4858-A7FE-6862C22E548B}.Debug|Any CPU.Build.0 = Debug|Any CPU
		{0FA7E6F6-CD48-4858-A7FE-6862C22E548B}.Release|Any CPU.ActiveCfg = Release|Any CPU
		{0FA7E6F6-CD48-4858-A7FE-6862C22E548B}.Release|Any CPU.Build.0 = Release|Any CPU
		{B2556DB1-5AEC-4D3D-BC95-8ED1D14973EA}.Debug|Any CPU.ActiveCfg = Debug|Any CPU
		{B2556DB1-5AEC-4D3D-BC95-8ED1D14973EA}.Debug|Any CPU.Build.0 = Debug|Any CPU
		{B2556DB1-5AEC-4D3D-BC95-8ED1D14973EA}.Release|Any CPU.ActiveCfg = Release|Any CPU
		{B2556DB1-5AEC-4D3D-BC95-8ED1D14973EA}.Release|Any CPU.Build.0 = Release|Any CPU
		{DB634150-D7D9-4FD4-8703-32A20C0DABCC}.Debug|Any CPU.ActiveCfg = Debug|Any CPU
		{DB634150-D7D9-4FD4-8703-32A20C0DABCC}.Debug|Any CPU.Build.0 = Debug|Any CPU
		{DB634150-D7D9-4FD4-8703-32A20C0DABCC}.Release|Any CPU.ActiveCfg = Release|Any CPU
		{DB634150-D7D9-4FD4-8703-32A20C0DABCC}.Release|Any CPU.Build.0 = Release|Any CPU
		{CD960A89-FE84-4C90-A592-B74DDAB1AC40}.Debug|Any CPU.ActiveCfg = Debug|Any CPU
		{CD960A89-FE84-4C90-A592-B74DDAB1AC40}.Debug|Any CPU.Build.0 = Debug|Any CPU
		{CD960A89-FE84-4C90-A592-B74DDAB1AC40}.Release|Any CPU.ActiveCfg = Release|Any CPU
		{CD960A89-FE84-4C90-A592-B74DDAB1AC40}.Release|Any CPU.Build.0 = Release|Any CPU
		{9D7E9229-B808-4165-93D1-CAEAEF201FF5}.Debug|Any CPU.ActiveCfg = Debug|Any CPU
		{9D7E9229-B808-4165-93D1-CAEAEF201FF5}.Debug|Any CPU.Build.0 = Debug|Any CPU
		{9D7E9229-B808-4165-93D1-CAEAEF201FF5}.Release|Any CPU.ActiveCfg = Release|Any CPU
		{9D7E9229-B808-4165-93D1-CAEAEF201FF5}.Release|Any CPU.Build.0 = Release|Any CPU
	EndGlobalSection
	GlobalSection(SolutionProperties) = preSolution
		HideSolutionNode = FALSE
	EndGlobalSection
	GlobalSection(NestedProjects) = preSolution
		{542A0B21-DF2D-49A2-A610-2656936545C7} = {196019B1-EE8B-420A-AB63-804478576FDC}
		{0238C387-4132-41AA-A6E5-B5EB80D2BB39} = {19F5CD46-755D-4421-A7DC-E99759BB7AFB}
		{3E9EEA3D-7F7F-4DD5-8946-8BAB730E291E} = {19F5CD46-755D-4421-A7DC-E99759BB7AFB}
		{5993E0F4-91CA-42BE-924E-F6872ED510B5} = {31D5915E-E31A-4E55-A28E-1068C6618228}
		{0FA7E6F6-CD48-4858-A7FE-6862C22E548B} = {31D5915E-E31A-4E55-A28E-1068C6618228}
		{B2556DB1-5AEC-4D3D-BC95-8ED1D14973EA} = {31D5915E-E31A-4E55-A28E-1068C6618228}
		{DB634150-D7D9-4FD4-8703-32A20C0DABCC} = {52600F38-CD78-45F2-95B7-CA5DC1827BF5}
		{CD960A89-FE84-4C90-A592-B74DDAB1AC40} = {52600F38-CD78-45F2-95B7-CA5DC1827BF5}
		{9D7E9229-B808-4165-93D1-CAEAEF201FF5} = {B4E00C2D-510A-4731-BF10-BD77433D73CE}
	EndGlobalSection
	GlobalSection(ExtensibilityGlobals) = postSolution
		SolutionGuid = {F3766265-6CEB-41EB-8659-BB2EEAE6098D}
	EndGlobalSection
EndGlobal
